# This is a Gradle generated file for dependency locking.
# Manual edits can break the build and are not advised.
# This file is expected to be part of source control.
ch.qos.logback:logback-classic:1.5.18=compileClasspath,nativeImageClasspath,nativeImageTestClasspath,runtimeClasspath,testCompileClasspath,testRuntimeClasspath
ch.qos.logback:logback-core:1.5.18=compileClasspath,nativeImageClasspath,nativeImageTestClasspath,runtimeClasspath,testCompileClasspath,testRuntimeClasspath
com.ibm.icu:icu4j:78.1=compileClasspath,nativeImageClasspath,nativeImageTestClasspath,runtimeClasspath,testCompileClasspath,testRuntimeClasspath
com.typesafe:config:1.4.4=compileClasspath,nativeImageClasspath,nativeImageTestClasspath,runtimeClasspath,testCompileClasspath,testRuntimeClasspath
commons-codec:commons-codec:1.11=nativeImageTestClasspath,testCompileClasspath,testRuntimeClasspath
commons-logging:commons-logging:1.2=nativeImageTestClasspath,testCompileClasspath,testRuntimeClasspath
io.ktor:ktor-bom:3.3.0=compileClasspath,nativeImageClasspath,nativeImageTestClasspath,runtimeClasspath,testCompileClasspath,testRuntimeClasspath
io.ktor:ktor-client-apache-jvm:3.3.0=nativeImageTestClasspath,testCompileClasspath,testRuntimeClasspath
io.ktor:ktor-client-apache:3.3.0=nativeImageTestClasspath,testCompileClasspath,testRuntimeClasspath
io.ktor:ktor-client-cio-jvm:3.3.0=nativeImageTestClasspath,testCompileClasspath,testRuntimeClasspath
io.ktor:ktor-client-cio:3.3.0=nativeImageTestClasspath,testCompileClasspath,testRuntimeClasspath
io.ktor:ktor-client-core-jvm:3.3.0=nativeImageTestClasspath,testCompileClasspath,testRuntimeClasspath
io.ktor:ktor-client-core:3.3.0=nativeImageTestClasspath,testCompileClasspath,testRuntimeClasspath
io.ktor:ktor-events-jvm:3.3.0=compileClasspath,nativeImageClasspath,nativeImageTestClasspath,runtimeClasspath,testCompileClasspath,testRuntimeClasspath
io.ktor:ktor-events:3.3.0=compileClasspath,nativeImageClasspath,nativeImageTestClasspath,runtimeClasspath,testCompileClasspath,testRuntimeClasspath
io.ktor:ktor-http-cio-jvm:3.3.0=compileClasspath,nativeImageClasspath,nativeImageTestClasspath,runtimeClasspath,testCompileClasspath,testRuntimeClasspath
io.ktor:ktor-http-cio:3.3.0=compileClasspath,nativeImageClasspath,nativeImageTestClasspath,runtimeClasspath,testCompileClasspath,testRuntimeClasspath
io.ktor:ktor-http-jvm:3.3.0=compileClasspath,nativeImageClasspath,nativeImageTestClasspath,runtimeClasspath,testCompileClasspath,testRuntimeClasspath
io.ktor:ktor-http:3.3.0=compileClasspath,nativeImageClasspath,nativeImageTestClasspath,runtimeClasspath,testCompileClasspath,testRuntimeClasspath
io.ktor:ktor-io-jvm:3.3.0=compileClasspath,nativeImageClasspath,nativeImageTestClasspath,runtimeClasspath,testCompileClasspath,testRuntimeClasspath
io.ktor:ktor-io:3.3.0=compileClasspath,nativeImageClasspath,nativeImageTestClasspath,runtimeClasspath,testCompileClasspath,testRuntimeClasspath
io.ktor:ktor-network-jvm:3.3.0=compileClasspath,nativeImageClasspath,nativeImageTestClasspath,runtimeClasspath,testCompileClasspath,testRuntimeClasspath
io.ktor:ktor-network-tls-certificates-jvm:3.3.0=nativeImageTestClasspath,testCompileClasspath,testRuntimeClasspath
io.ktor:ktor-network-tls-certificates:3.3.0=nativeImageTestClasspath,testCompileClasspath,testRuntimeClasspath
io.ktor:ktor-network-tls-jvm:3.3.0=nativeImageTestClasspath,testCompileClasspath,testRuntimeClasspath
io.ktor:ktor-network-tls:3.3.0=nativeImageTestClasspath,testCompileClasspath,testRuntimeClasspath
io.ktor:ktor-network:3.3.0=compileClasspath,nativeImageClasspath,nativeImageTestClasspath,runtimeClasspath,testCompileClasspath,testRuntimeClasspath
io.ktor:ktor-serialization-jvm:3.3.0=compileClasspath,nativeImageClasspath,nativeImageTestClasspath,runtimeClasspath,testCompileClasspath,testRuntimeClasspath
io.ktor:ktor-serialization-kotlinx-json-jvm:3.3.0=compileClasspath,nativeImageClasspath,nativeImageTestClasspath,runtimeClasspath,testCompileClasspath,testRuntimeClasspath
io.ktor:ktor-serialization-kotlinx-json:3.3.0=compileClasspath,nativeImageClasspath,nativeImageTestClasspath,runtimeClasspath,testCompileClasspath,testRuntimeClasspath
io.ktor:ktor-serialization-kotlinx-jvm:3.3.0=compileClasspath,nativeImageClasspath,nativeImageTestClasspath,runtimeClasspath,testCompileClasspath,testRuntimeClasspath
io.ktor:ktor-serialization-kotlinx:3.3.0=compileClasspath,nativeImageClasspath,nativeImageTestClasspath,runtimeClasspath,testCompileClasspath,testRuntimeClasspath
io.ktor:ktor-serialization:3.3.0=compileClasspath,nativeImageClasspath,nativeImageTestClasspath,runtimeClasspath,testCompileClasspath,testRuntimeClasspath
io.ktor:ktor-server-call-logging-jvm:3.3.0=nativeImageTestClasspath,testCompileClasspath,testRuntimeClasspath
io.ktor:ktor-server-call-logging:3.3.0=nativeImageTestClasspath,testCompileClasspath,testRuntimeClasspath
io.ktor:ktor-server-cio-jvm:3.3.0=compileClasspath,nativeImageClasspath,nativeImageTestClasspath,runtimeClasspath,testCompileClasspath,testRuntimeClasspath
io.ktor:ktor-server-cio:3.3.0=compileClasspath,nativeImageClasspath,nativeImageTestClasspath,runtimeClasspath,testCompileClasspath,testRuntimeClasspath
io.ktor:ktor-server-content-negotiation-jvm:3.3.0=compileClasspath,nativeImageClasspath,nativeImageTestClasspath,runtimeClasspath,testCompileClasspath,testRuntimeClasspath
io.ktor:ktor-server-content-negotiation:3.3.0=compileClasspath,nativeImageClasspath,nativeImageTestClasspath,runtimeClasspath,testCompileClasspath,testRuntimeClasspath
io.ktor:ktor-server-core-jvm:3.3.0=compileClasspath,nativeImageClasspath,nativeImageTestClasspath,runtimeClasspath,testCompileClasspath,testRuntimeClasspath
io.ktor:ktor-server-core:3.3.0=compileClasspath,nativeImageClasspath,nativeImageTestClasspath,runtimeClasspath,testCompileClasspath,testRuntimeClasspath
io.ktor:ktor-server-cors-jvm:3.3.0=compileClasspath,nativeImageClasspath,nativeImageTestClasspath,runtimeClasspath,testCompileClasspath,testRuntimeClasspath
io.ktor:ktor-server-cors:3.3.0=compileClasspath,nativeImageClasspath,nativeImageTestClasspath,runtimeClasspath,testCompileClasspath,testRuntimeClasspath
io.ktor:ktor-server-status-pages-jvm:3.3.0=compileClasspath,nativeImageClasspath,nativeImageTestClasspath,runtimeClasspath,testCompileClasspath,testRuntimeClasspath
io.ktor:ktor-server-status-pages:3.3.0=compileClasspath,nativeImageClasspath,nativeImageTestClasspath,runtimeClasspath,testCompileClasspath,testRuntimeClasspath
io.ktor:ktor-server-test-host-jvm:3.3.0=nativeImageTestClasspath,testCompileClasspath,testRuntimeClasspath
io.ktor:ktor-server-test-host:3.3.0=nativeImageTestClasspath,testCompileClasspath,testRuntimeClasspath
io.ktor:ktor-server-websockets-jvm:3.3.0=nativeImageTestClasspath,testCompileClasspath,testRuntimeClasspath
io.ktor:ktor-server-websockets:3.3.0=nativeImageTestClasspath,testCompileClasspath,testRuntimeClasspath
io.ktor:ktor-sse-jvm:3.3.0=nativeImageTestClasspath,testCompileClasspath,testRuntimeClasspath
io.ktor:ktor-sse:3.3.0=nativeImageTestClasspath,testCompileClasspath,testRuntimeClasspath
io.ktor:ktor-test-dispatcher-jvm:3.3.0=nativeImageTestClasspath,testCompileClasspath,testRuntimeClasspath
io.ktor:ktor-test-dispatcher:3.3.0=nativeImageTestClasspath,testCompileClasspath,testRuntimeClasspath
io.ktor:ktor-utils-jvm:3.3.0=compileClasspath,nativeImageClasspath,nativeImageTestClasspath,runtimeClasspath,testCompileClasspath,testRuntimeClasspath
io.ktor:ktor-utils:3.3.0=compileClasspath,nativeImageClasspath,nativeImageTestClasspath,runtimeClasspath,testCompileClasspath,testRuntimeClasspath
io.ktor:ktor-websocket-serialization-jvm:3.3.0=nativeImageTestClasspath,testCompileClasspath,testRuntimeClasspath
io.ktor:ktor-websocket-serialization:3.3.0=nativeImageTestClasspath,testCompileClasspath,testRuntimeClasspath
io.ktor:ktor-websockets-jvm:3.3.0=compileClasspath,nativeImageClasspath,nativeImageTestClasspath,runtimeClasspath,testCompileClasspath,testRuntimeClasspath
io.ktor:ktor-websockets:3.3.0=compileClasspath,nativeImageClasspath,nativeImageTestClasspath,runtimeClasspath,testCompileClasspath,testRuntimeClasspath
net.bytebuddy:byte-buddy-agent:1.10.9=nativeImageTestClasspath,testRuntimeClasspath
net.bytebuddy:byte-buddy:1.10.9=nativeImageTestClasspath,testRuntimeClasspath
net.java.dev.jna:jna-platform:5.9.0=nativeImageTestClasspath,testRuntimeClasspath
net.java.dev.jna:jna:5.9.0=nativeImageTestClasspath,testRuntimeClasspath
org.apache.httpcomponents:httpasyncclient:4.1.5=nativeImageTestClasspath,testCompileClasspath,testRuntimeClasspath
org.apache.httpcomponents:httpclient:4.5.13=nativeImageTestClasspath,testCompileClasspath,testRuntimeClasspath
org.apache.httpcomponents:httpcore-nio:4.4.15=nativeImageTestClasspath,testCompileClasspath,testRuntimeClasspath
org.apache.httpcomponents:httpcore:4.4.15=nativeImageTestClasspath,testCompileClasspath,testRuntimeClasspath
org.apiguardian:apiguardian-api:1.1.2=testCompileClasspath
org.fusesource.jansi:jansi:2.4.2=nativeImageClasspath,nativeImageTestClasspath,runtimeClasspath,testRuntimeClasspath
org.graalvm.buildtools:junit-platform-native:1.1.3=nativeImageTestClasspath
org.jetbrains.kotlin:kotlin-reflect:2.2.10=compileClasspath,nativeImageClasspath,nativeImageTestClasspath,runtimeClasspath,testCompileClasspath,testRuntimeClasspath
org.jetbrains.kotlin:kotlin-stdlib:2.2.20=compileClasspath,nativeImageClasspath,nativeImageTestClasspath,runtimeClasspath,testCompileClasspath,testRuntimeClasspath
org.jetbrains.kotlin:kotlin-test-junit5:2.2.20=nativeImageTestClasspath,testCompileClasspath,testRuntimeClasspath
org.jetbrains.kotlin:kotlin-test:2.2.20=nativeImageTestClasspath,testCompileClasspath,testRuntimeClasspath
org.jetbrains.kotlinx:kotlinx-coroutines-bom:1.10.2=compileClasspath,nativeImageClasspath,nativeImageTestClasspath,runtimeClasspath,testCompileClasspath,testRuntimeClasspath
org.jetbrains.kotlinx:kotlinx-coroutines-core-jvm:1.10.2=compileClasspath,nativeImageClasspath,nativeImageTestClasspath,runtimeClasspath,testCompileClasspath,testRuntimeClasspath
org.jetbrains.kotlinx:kotlinx-coroutines-core:1.10.2=compileClasspath,nativeImageClasspath,nativeImageTestClasspath,runtimeClasspath,testCompileClasspath,testRuntimeClasspath
org.jetbrains.kotlinx:kotlinx-coroutines-debug:1.10.2=nativeImageTestClasspath,testRuntimeClasspath
org.jetbrains.kotlinx:kotlinx-coroutines-slf4j:1.10.2=nativeImageTestClasspath,testRuntimeClasspath
org.jetbrains.kotlinx:kotlinx-coroutines-test-jvm:1.10.2=nativeImageTestClasspath,testCompileClasspath,testRuntimeClasspath
org.jetbrains.kotlinx:kotlinx-coroutines-test:1.10.2=nativeImageTestClasspath,testCompileClasspath,testRuntimeClasspath
org.jetbrains.kotlinx:kotlinx-io-bytestring-jvm:0.8.0=compileClasspath,nativeImageClasspath,nativeImageTestClasspath,runtimeClasspath,testCompileClasspath,testRuntimeClasspath
org.jetbrains.kotlinx:kotlinx-io-bytestring:0.8.0=compileClasspath,nativeImageClasspath,nativeImageTestClasspath,runtimeClasspath,testCompileClasspath,testRuntimeClasspath
org.jetbrains.kotlinx:kotlinx-io-core-jvm:0.8.0=compileClasspath,nativeImageClasspath,nativeImageTestClasspath,runtimeClasspath,testCompileClasspath,testRuntimeClasspath
org.jetbrains.kotlinx:kotlinx-io-core:0.8.0=compileClasspath,nativeImageClasspath,nativeImageTestClasspath,runtimeClasspath,testCompileClasspath,testRuntimeClasspath
org.jetbrains.kotlinx:kotlinx-serialization-bom:1.9.0=compileClasspath,nativeImageClasspath,nativeImageTestClasspath,runtimeClasspath,testCompileClasspath,testRuntimeClasspath
org.jetbrains.kotlinx:kotlinx-serialization-core-jvm:1.9.0=compileClasspath,nativeImageClasspath,nativeImageTestClasspath,runtimeClasspath,testCompileClasspath,testRuntimeClasspath
org.jetbrains.kotlinx:kotlinx-serialization-core:1.9.0=compileClasspath,nativeImageClasspath,nativeImageTestClasspath,runtimeClasspath,testCompileClasspath,testRuntimeClasspath
org.jetbrains.kotlinx:kotlinx-serialization-json-io-jvm:1.9.0=compileClasspath,nativeImageClasspath,nativeImageTestClasspath,runtimeClasspath,testCompileClasspath,testRuntimeClasspath
org.jetbrains.kotlinx:kotlinx-serialization-json-io:1.9.0=compileClasspath,nativeImageClasspath,nativeImageTestClasspath,runtimeClasspath,testCompileClasspath,testRuntimeClasspath
org.jetbrains.kotlinx:kotlinx-serialization-json-jvm:1.9.0=compileClasspath,nativeImageClasspath,nativeImageTestClasspath,runtimeClasspath,testCompileClasspath,testRuntimeClasspath
org.jetbrains.kotlinx:kotlinx-serialization-json:1.9.0=compileClasspath,nativeImageClasspath,nativeImageTestClasspath,runtimeClasspath,testCompileClasspath,testRuntimeClasspath
org.jetbrains:annotations:23.0.0=compileClasspath,nativeImageClasspath,nativeImageTestClasspath,runtimeClasspath,testCompileClasspath,testRuntimeClasspath
org.junit.jupiter:junit-jupiter-api:5.13.4=nativeImageTestClasspath,testCompileClasspath,testRuntimeClasspath
org.junit.jupiter:junit-jupiter-engine:5.13.4=nativeImageTestClasspath,testRuntimeClasspath
org.junit.jupiter:junit-jupiter-params:5.13.4=nativeImageTestClasspath,testCompileClasspath,testRuntimeClasspath
org.junit.jupiter:junit-jupiter:5.13.4=nativeImageTestClasspath,testCompileClasspath,testRuntimeClasspath
org.junit.platform:junit-platform-commons:1.13.4=nativeImageTestClasspath,testCompileClasspath,testRuntimeClasspath
org.junit.platform:junit-platform-console:1.13.4=nativeImageTestClasspath
org.junit.platform:junit-platform-engine:1.13.4=nativeImageTestClasspath,testRuntimeClasspath
org.junit.platform:junit-platform-launcher:1.13.4=nativeImageTestClasspath,testRuntimeClasspath
org.junit.platform:junit-platform-reporting:1.13.4=nativeImageTestClasspath
org.junit:junit-bom:5.13.4=nativeImageTestClasspath,testCompileClasspath,testRuntimeClasspath
org.opentest4j.reporting:open-test-reporting-tooling-spi:0.2.3=nativeImageTestClasspath
org.opentest4j:opentest4j:1.3.0=nativeImageTestClasspath,testCompileClasspath,testRuntimeClasspath
org.slf4j:slf4j-api:2.0.17=compileClasspath,nativeImageClasspath,nativeImageTestClasspath,runtimeClasspath,testCompileClasspath,testRuntimeClasspath
empty=
